schema: '2.0'
stages:
  linreg:
    cmd: python Linear_reg.py
    deps:
    - path: config.py
      hash: md5
      md5: e6112203129aea53f14ca3ae1b7370d6
      size: 326
    - path: data/train_test.npy
      hash: md5
      md5: ced4606b4d5987def76accd32461ef65
      size: 2227558
    - path: data_preprocessing.py
      hash: md5
      md5: d98e9436ab35385ab1b63f30ec818a3f
      size: 1517
    outs:
    - path: data/linreg.npy
      hash: md5
      md5: 90786e0ad1ffc697a825a7eb271ddd67
      size: 144
  olsreg:
    cmd: python OLS_reg.py
    deps:
    - path: config.py
      hash: md5
      md5: e6112203129aea53f14ca3ae1b7370d6
      size: 326
    - path: data/train_test.npy
      hash: md5
      md5: ced4606b4d5987def76accd32461ef65
      size: 2227558
    - path: data_preprocessing.py
      hash: md5
      md5: d98e9436ab35385ab1b63f30ec818a3f
      size: 1517
    outs:
    - path: data/olsreg.npy
      hash: md5
      md5: c3b43e3ed623d1c240319b179912a3bf
      size: 144
  polyreg:
    cmd: python Polynomial_reg.py
    deps:
    - path: config.py
      hash: md5
      md5: e6112203129aea53f14ca3ae1b7370d6
      size: 326
    - path: data/train_test.npy
      hash: md5
      md5: ced4606b4d5987def76accd32461ef65
      size: 2227558
    - path: data_preprocessing.py
      hash: md5
      md5: d98e9436ab35385ab1b63f30ec818a3f
      size: 1517
    params:
      params.yaml:
        polyreg.degrees:
        - 2
        - 3
        - 4
    outs:
    - path: data/polyreg.npy
      hash: md5
      md5: d7c63cb4ee96151e9b7f0adc197a6984
      size: 200
  compare:
    cmd: python Comparison.py
    deps:
    - path: config.py
      hash: md5
      md5: e6112203129aea53f14ca3ae1b7370d6
      size: 326
    - path: data/linreg.npy
      hash: md5
      md5: 90786e0ad1ffc697a825a7eb271ddd67
      size: 144
    - path: data/olsreg.npy
      hash: md5
      md5: c3b43e3ed623d1c240319b179912a3bf
      size: 144
    - path: data/polyreg.npy
      hash: md5
      md5: d7c63cb4ee96151e9b7f0adc197a6984
      size: 200
    outs:
    - path: data/results.csv
      hash: md5
      md5: e781499c8d1442d7cdf1bbd6cbfeb330
      size: 352
  preprocessing:
    cmd: python data_preprocessing.py
    deps:
    - path: config.py
      hash: md5
      md5: e6112203129aea53f14ca3ae1b7370d6
      size: 326
    - path: data/master.csv
      hash: md5
      md5: 93f4597a22338480797f212e94d3bbb2
      size: 2706377
    - path: data_clearing.py
      hash: md5
      md5: 5c88f81475ebef8c481deb938f4a4b00
      size: 1688
    params:
      params.yaml:
        Datapick.country_name: ''
        Datapick.null_threshold: 1000
        Datapick.random_state: 42
        Datapick.test_size: 0.2
        Datapick.year: 0
    outs:
    - path: data/dataframe_plot.csv
      hash: md5
      md5: 3c49b6ef7576ca7f144d9844b47cbe1e
      size: 1506861
    - path: data/train_test.npy
      hash: md5
      md5: ced4606b4d5987def76accd32461ef65
      size: 2227558
  plotting:
    cmd: python plotting_data.py
    deps:
    - path: config.py
      hash: md5
      md5: e6112203129aea53f14ca3ae1b7370d6
      size: 326
    - path: data/dataframe_plot.csv
      hash: md5
      md5: 3c49b6ef7576ca7f144d9844b47cbe1e
      size: 1506861
    - path: data_clearing.py
      hash: md5
      md5: 5c88f81475ebef8c481deb938f4a4b00
      size: 1688
    - path: data_visualization.py
      hash: md5
      md5: 0475ea90b3cd65c242796768bbe43e9c
      size: 1947
