schema: '2.0'
stages:
  linreg:
    cmd: python Linear_reg.py
    deps:
    - path: config.py
      hash: md5
      md5: 9d55c2c0e02f2f704de4263baf9c64f0
      size: 286
    - path: data/train_test.npy
      hash: md5
      md5: ced4606b4d5987def76accd32461ef65
      size: 2227558
    - path: data_preprocessing.py
      hash: md5
      md5: 10e033a73b34a62b10035ec1fc7f0781
      size: 1463
    outs:
    - path: data/linreg.npy
      hash: md5
      md5: 90786e0ad1ffc697a825a7eb271ddd67
      size: 144
  olsreg:
    cmd: python OLS_reg.py
    deps:
    - path: config.py
      hash: md5
      md5: 9d55c2c0e02f2f704de4263baf9c64f0
      size: 286
    - path: data/train_test.npy
      hash: md5
      md5: ced4606b4d5987def76accd32461ef65
      size: 2227558
    - path: data_preprocessing.py
      hash: md5
      md5: 10e033a73b34a62b10035ec1fc7f0781
      size: 1463
    outs:
    - path: data/olsreg.npy
      hash: md5
      md5: c3b43e3ed623d1c240319b179912a3bf
      size: 144
  polyreg:
    cmd: python Polymonial_reg.py
    deps:
    - path: config.py
      hash: md5
      md5: 9d55c2c0e02f2f704de4263baf9c64f0
      size: 286
    - path: data/train_test.npy
      hash: md5
      md5: ced4606b4d5987def76accd32461ef65
      size: 2227558
    - path: data_preprocessing.py
      hash: md5
      md5: 10e033a73b34a62b10035ec1fc7f0781
      size: 1463
    params:
      params.yaml:
        polyreg.degrees:
        - 2
        - 3
        - 4
    outs:
    - path: data/polyreg.npy
      hash: md5
      md5: d7c63cb4ee96151e9b7f0adc197a6984
      size: 200
  compare:
    cmd: python Comparison.py
    deps:
    - path: config.py
      hash: md5
      md5: 9d55c2c0e02f2f704de4263baf9c64f0
      size: 286
    - path: data/linreg.npy
      hash: md5
      md5: 90786e0ad1ffc697a825a7eb271ddd67
      size: 144
    - path: data/olsreg.npy
      hash: md5
      md5: c3b43e3ed623d1c240319b179912a3bf
      size: 144
    - path: data/polyreg.npy
      hash: md5
      md5: d7c63cb4ee96151e9b7f0adc197a6984
      size: 200
    outs:
    - path: data/results.csv
      hash: md5
      md5: 229226a1fc665a7aaf5d8f68a70856d8
      size: 352
  preprocessing:
    cmd: python data_preprocessing.py
    deps:
    - path: config.py
      hash: md5
      md5: 9d55c2c0e02f2f704de4263baf9c64f0
      size: 286
    - path: data/master.csv
      hash: md5
      md5: 93f4597a22338480797f212e94d3bbb2
      size: 2706377
    - path: data_clearing.py
      hash: md5
      md5: 8b34f26a7ebb1c054fdbeec1ad87a11e
      size: 1450
    params:
      params.yaml:
        Datapick.country_name: ''
        Datapick.null_threshold: 1000
        Datapick.random_state: 42
        Datapick.test_size: 0.2
        Datapick.year: 0
    outs:
    - path: data/dataframe_plot.csv
      hash: md5
      md5: 3c49b6ef7576ca7f144d9844b47cbe1e
      size: 1506861
    - path: data/train_test.npy
      hash: md5
      md5: ced4606b4d5987def76accd32461ef65
      size: 2227558
  plotting:
    cmd: python plotting_data.py
    deps:
    - path: config.py
      hash: md5
      md5: 98174950504746d1693fc56c2d7794b0
      size: 250
    - path: data/dataframe_plot.csv
      hash: md5
      md5: 3c49b6ef7576ca7f144d9844b47cbe1e
      size: 1506861
    - path: data_clearing.py
      hash: md5
      md5: 8b34f26a7ebb1c054fdbeec1ad87a11e
      size: 1450
    - path: data_visualization.py
      hash: md5
      md5: f387b52697ddd58dca240de5545c7357
      size: 1244
